
Microsoft Visual Studio Solution File, Format Version 12.00
# Visual Studio Version 16
VisualStudioVersion = 16.0.30114.105
MinimumVisualStudioVersion = 10.0.40219.1
Project("{FAE04EC0-301F-11D3-BF4B-00C04F79EFBC}") = "API", "API\API.csproj", "{5B070A33-479A-42CA-88B8-F0D332A16680}"
EndProject
Project("{FAE04EC0-301F-11D3-BF4B-00C04F79EFBC}") = "Application", "Application\Application.csproj", "{B6AFAA72-7D50-4888-BB86-C4AE635E49F9}"
EndProject
Project("{FAE04EC0-301F-11D3-BF4B-00C04F79EFBC}") = "Domain", "Domain\Domain.csproj", "{B2F412B2-8E30-44F2-8BD6-A73F28F1A286}"
EndProject
Project("{FAE04EC0-301F-11D3-BF4B-00C04F79EFBC}") = "Persistent", "Persistent\Persistent.csproj", "{0778301F-CB6E-411C-84C0-509019308F26}"
EndProject
Global
	GlobalSection(SolutionConfigurationPlatforms) = preSolution
		Debug|Any CPU = Debug|Any CPU
		Debug|x64 = Debug|x64
		Debug|x86 = Debug|x86
		Release|Any CPU = Release|Any CPU
		Release|x64 = Release|x64
		Release|x86 = Release|x86
	EndGlobalSection
	GlobalSection(SolutionProperties) = preSolution
		HideSolutionNode = FALSE
	EndGlobalSection
	GlobalSection(ProjectConfigurationPlatforms) = postSolution
		{5B070A33-479A-42CA-88B8-F0D332A16680}.Debug|Any CPU.ActiveCfg = Debug|Any CPU
		{5B070A33-479A-42CA-88B8-F0D332A16680}.Debug|Any CPU.Build.0 = Debug|Any CPU
		{5B070A33-479A-42CA-88B8-F0D332A16680}.Debug|x64.ActiveCfg = Debug|Any CPU
		{5B070A33-479A-42CA-88B8-F0D332A16680}.Debug|x64.Build.0 = Debug|Any CPU
		{5B070A33-479A-42CA-88B8-F0D332A16680}.Debug|x86.ActiveCfg = Debug|Any CPU
		{5B070A33-479A-42CA-88B8-F0D332A16680}.Debug|x86.Build.0 = Debug|Any CPU
		{5B070A33-479A-42CA-88B8-F0D332A16680}.Release|Any CPU.ActiveCfg = Release|Any CPU
		{5B070A33-479A-42CA-88B8-F0D332A16680}.Release|Any CPU.Build.0 = Release|Any CPU
		{5B070A33-479A-42CA-88B8-F0D332A16680}.Release|x64.ActiveCfg = Release|Any CPU
		{5B070A33-479A-42CA-88B8-F0D332A16680}.Release|x64.Build.0 = Release|Any CPU
		{5B070A33-479A-42CA-88B8-F0D332A16680}.Release|x86.ActiveCfg = Release|Any CPU
		{5B070A33-479A-42CA-88B8-F0D332A16680}.Release|x86.Build.0 = Release|Any CPU
		{B6AFAA72-7D50-4888-BB86-C4AE635E49F9}.Debug|Any CPU.ActiveCfg = Debug|Any CPU
		{B6AFAA72-7D50-4888-BB86-C4AE635E49F9}.Debug|Any CPU.Build.0 = Debug|Any CPU
		{B6AFAA72-7D50-4888-BB86-C4AE635E49F9}.Debug|x64.ActiveCfg = Debug|Any CPU
		{B6AFAA72-7D50-4888-BB86-C4AE635E49F9}.Debug|x64.Build.0 = Debug|Any CPU
		{B6AFAA72-7D50-4888-BB86-C4AE635E49F9}.Debug|x86.ActiveCfg = Debug|Any CPU
		{B6AFAA72-7D50-4888-BB86-C4AE635E49F9}.Debug|x86.Build.0 = Debug|Any CPU
		{B6AFAA72-7D50-4888-BB86-C4AE635E49F9}.Release|Any CPU.ActiveCfg = Release|Any CPU
		{B6AFAA72-7D50-4888-BB86-C4AE635E49F9}.Release|Any CPU.Build.0 = Release|Any CPU
		{B6AFAA72-7D50-4888-BB86-C4AE635E49F9}.Release|x64.ActiveCfg = Release|Any CPU
		{B6AFAA72-7D50-4888-BB86-C4AE635E49F9}.Release|x64.Build.0 = Release|Any CPU
		{B6AFAA72-7D50-4888-BB86-C4AE635E49F9}.Release|x86.ActiveCfg = Release|Any CPU
		{B6AFAA72-7D50-4888-BB86-C4AE635E49F9}.Release|x86.Build.0 = Release|Any CPU
		{B2F412B2-8E30-44F2-8BD6-A73F28F1A286}.Debug|Any CPU.ActiveCfg = Debug|Any CPU
		{B2F412B2-8E30-44F2-8BD6-A73F28F1A286}.Debug|Any CPU.Build.0 = Debug|Any CPU
		{B2F412B2-8E30-44F2-8BD6-A73F28F1A286}.Debug|x64.ActiveCfg = Debug|Any CPU
		{B2F412B2-8E30-44F2-8BD6-A73F28F1A286}.Debug|x64.Build.0 = Debug|Any CPU
		{B2F412B2-8E30-44F2-8BD6-A73F28F1A286}.Debug|x86.ActiveCfg = Debug|Any CPU
		{B2F412B2-8E30-44F2-8BD6-A73F28F1A286}.Debug|x86.Build.0 = Debug|Any CPU
		{B2F412B2-8E30-44F2-8BD6-A73F28F1A286}.Release|Any CPU.ActiveCfg = Release|Any CPU
		{B2F412B2-8E30-44F2-8BD6-A73F28F1A286}.Release|Any CPU.Build.0 = Release|Any CPU
		{B2F412B2-8E30-44F2-8BD6-A73F28F1A286}.Release|x64.ActiveCfg = Release|Any CPU
		{B2F412B2-8E30-44F2-8BD6-A73F28F1A286}.Release|x64.Build.0 = Release|Any CPU
		{B2F412B2-8E30-44F2-8BD6-A73F28F1A286}.Release|x86.ActiveCfg = Release|Any CPU
		{B2F412B2-8E30-44F2-8BD6-A73F28F1A286}.Release|x86.Build.0 = Release|Any CPU
		{0778301F-CB6E-411C-84C0-509019308F26}.Debug|Any CPU.ActiveCfg = Debug|Any CPU
		{0778301F-CB6E-411C-84C0-509019308F26}.Debug|Any CPU.Build.0 = Debug|Any CPU
		{0778301F-CB6E-411C-84C0-509019308F26}.Debug|x64.ActiveCfg = Debug|Any CPU
		{0778301F-CB6E-411C-84C0-509019308F26}.Debug|x64.Build.0 = Debug|Any CPU
		{0778301F-CB6E-411C-84C0-509019308F26}.Debug|x86.ActiveCfg = Debug|Any CPU
		{0778301F-CB6E-411C-84C0-509019308F26}.Debug|x86.Build.0 = Debug|Any CPU
		{0778301F-CB6E-411C-84C0-509019308F26}.Release|Any CPU.ActiveCfg = Release|Any CPU
		{0778301F-CB6E-411C-84C0-509019308F26}.Release|Any CPU.Build.0 = Release|Any CPU
		{0778301F-CB6E-411C-84C0-509019308F26}.Release|x64.ActiveCfg = Release|Any CPU
		{0778301F-CB6E-411C-84C0-509019308F26}.Release|x64.Build.0 = Release|Any CPU
		{0778301F-CB6E-411C-84C0-509019308F26}.Release|x86.ActiveCfg = Release|Any CPU
		{0778301F-CB6E-411C-84C0-509019308F26}.Release|x86.Build.0 = Release|Any CPU
	EndGlobalSection
EndGlobal
